
Microsoft Visual Studio Solution File, Format Version 12.00
# Visual Studio Version 16
VisualStudioVersion = 16.0.30717.126
MinimumVisualStudioVersion = 10.0.40219.1
Project("{FAE04EC0-301F-11D3-BF4B-00C04F79EFBC}") = "Lab4", "Lab4\Lab4.csproj", "{FF5264E1-0C43-499C-8F78-37A991CCE7D0}"
EndProject
Global
	GlobalSection(SolutionConfigurationPlatforms) = preSolution
		Debug|Any CPU = Debug|Any CPU
		Release|Any CPU = Release|Any CPU
	EndGlobalSection
	GlobalSection(ProjectConfigurationPlatforms) = postSolution
		{FF5264E1-0C43-499C-8F78-37A991CCE7D0}.Debug|Any CPU.ActiveCfg = Debug|Any CPU
		{FF5264E1-0C43-499C-8F78-37A991CCE7D0}.Debug|Any CPU.Build.0 = Debug|Any CPU
		{FF5264E1-0C43-499C-8F78-37A991CCE7D0}.Release|Any CPU.ActiveCfg = Release|Any CPU
		{FF5264E1-0C43-499C-8F78-37A991CCE7D0}.Release|Any CPU.Build.0 = Release|Any CPU
	EndGlobalSection
	GlobalSection(SolutionProperties) = preSolution
		HideSolutionNode = FALSE
	EndGlobalSection
	GlobalSection(ExtensibilityGlobals) = postSolution
		SolutionGuid = {37B5B041-134D-41FC-8B09-651A5A321947}
	EndGlobalSection
EndGlobal
